
Microsoft Visual Studio Solution File, Format Version 12.00
# Visual Studio Version 17
VisualStudioVersion = 17.5.002.0
MinimumVisualStudioVersion = 10.0.40219.1
Project("{9A19103F-16F7-4668-BE54-9A1E7A4F7556}") = "ApexRestaurant.Api", "ApexRestaurant.Api\ApexRestaurant.Api.csproj", "{A402F23F-50E3-4A0F-A333-DFA75834D75B}"
EndProject
Project("{9A19103F-16F7-4668-BE54-9A1E7A4F7556}") = "ApexRestaurant.Repository", "ApexRestaurant.Repository\ApexRestaurant.Repository.csproj", "{87405BAC-C8CB-43A1-9D5C-7128F826E624}"
EndProject
Project("{9A19103F-16F7-4668-BE54-9A1E7A4F7556}") = "ApexRestaurant.Services", "ApexRestaurant.Services\ApexRestaurant.Services.csproj", "{CC6E9700-5FBC-4AC4-BA4B-46EBE891C333}"
EndProject
Global
	GlobalSection(SolutionConfigurationPlatforms) = preSolution
		Debug|Any CPU = Debug|Any CPU
		Release|Any CPU = Release|Any CPU
	EndGlobalSection
	GlobalSection(ProjectConfigurationPlatforms) = postSolution
		{A402F23F-50E3-4A0F-A333-DFA75834D75B}.Debug|Any CPU.ActiveCfg = Debug|Any CPU
		{A402F23F-50E3-4A0F-A333-DFA75834D75B}.Debug|Any CPU.Build.0 = Debug|Any CPU
		{A402F23F-50E3-4A0F-A333-DFA75834D75B}.Release|Any CPU.ActiveCfg = Release|Any CPU
		{A402F23F-50E3-4A0F-A333-DFA75834D75B}.Release|Any CPU.Build.0 = Release|Any CPU
		{87405BAC-C8CB-43A1-9D5C-7128F826E624}.Debug|Any CPU.ActiveCfg = Debug|Any CPU
		{87405BAC-C8CB-43A1-9D5C-7128F826E624}.Debug|Any CPU.Build.0 = Debug|Any CPU
		{87405BAC-C8CB-43A1-9D5C-7128F826E624}.Release|Any CPU.ActiveCfg = Release|Any CPU
		{87405BAC-C8CB-43A1-9D5C-7128F826E624}.Release|Any CPU.Build.0 = Release|Any CPU
		{CC6E9700-5FBC-4AC4-BA4B-46EBE891C333}.Debug|Any CPU.ActiveCfg = Debug|Any CPU
		{CC6E9700-5FBC-4AC4-BA4B-46EBE891C333}.Debug|Any CPU.Build.0 = Debug|Any CPU
		{CC6E9700-5FBC-4AC4-BA4B-46EBE891C333}.Release|Any CPU.ActiveCfg = Release|Any CPU
		{CC6E9700-5FBC-4AC4-BA4B-46EBE891C333}.Release|Any CPU.Build.0 = Release|Any CPU
	EndGlobalSection
	GlobalSection(SolutionProperties) = preSolution
		HideSolutionNode = FALSE
	EndGlobalSection
	GlobalSection(ExtensibilityGlobals) = postSolution
		SolutionGuid = {E98E7444-8CF1-4A01-94AB-9876D8E9F527}
	EndGlobalSection
EndGlobal
